
Microsoft Visual Studio Solution File, Format Version 12.00
# Visual Studio 15
Project("{FAE04EC0-301F-11D3-BF4B-00C04F79EFBC}") = "Assembly-CSharp", "Assembly-CSharp.csproj", "{37C1B8BF-6B9A-A42F-D851-15C7D0D5C289}"
EndProject
Project("{FAE04EC0-301F-11D3-BF4B-00C04F79EFBC}") = "Assembly-CSharp-Editor", "Assembly-CSharp-Editor.csproj", "{5FA41340-4481-4E58-D368-BE4DA7770940}"
EndProject
Global
	GlobalSection(SolutionConfigurationPlatforms) = preSolution
		Debug|Any CPU = Debug|Any CPU
		Release|Any CPU = Release|Any CPU
	EndGlobalSection
	GlobalSection(ProjectConfigurationPlatforms) = postSolution
		{37C1B8BF-6B9A-A42F-D851-15C7D0D5C289}.Debug|Any CPU.ActiveCfg = Debug|Any CPU
		{37C1B8BF-6B9A-A42F-D851-15C7D0D5C289}.Debug|Any CPU.Build.0 = Debug|Any CPU
		{37C1B8BF-6B9A-A42F-D851-15C7D0D5C289}.Release|Any CPU.ActiveCfg = Release|Any CPU
		{37C1B8BF-6B9A-A42F-D851-15C7D0D5C289}.Release|Any CPU.Build.0 = Release|Any CPU
		{5FA41340-4481-4E58-D368-BE4DA7770940}.Debug|Any CPU.ActiveCfg = Debug|Any CPU
		{5FA41340-4481-4E58-D368-BE4DA7770940}.Debug|Any CPU.Build.0 = Debug|Any CPU
		{5FA41340-4481-4E58-D368-BE4DA7770940}.Release|Any CPU.ActiveCfg = Release|Any CPU
		{5FA41340-4481-4E58-D368-BE4DA7770940}.Release|Any CPU.Build.0 = Release|Any CPU
	EndGlobalSection
	GlobalSection(SolutionProperties) = preSolution
		HideSolutionNode = FALSE
	EndGlobalSection
EndGlobal
